
Microsoft Visual Studio Solution File, Format Version 12.00
# Visual Studio Version 16
VisualStudioVersion = 16.0.30011.22
MinimumVisualStudioVersion = 10.0.40219.1
Project("{9A19103F-16F7-4668-BE54-9A1E7A4F7556}") = "week9", "week9\week9.csproj", "{1BD4BA1E-D6DC-43E9-ACEF-0E3C74CF7728}"
EndProject
Project("{9A19103F-16F7-4668-BE54-9A1E7A4F7556}") = "even", "even\even.csproj", "{475FCDF9-61E4-43EA-941C-38A9F9582D27}"
EndProject
Project("{9A19103F-16F7-4668-BE54-9A1E7A4F7556}") = "Various", "Various\Various.csproj", "{237A826B-D8FD-4C3B-A537-B7E17A5EC71C}"
EndProject
Project("{9A19103F-16F7-4668-BE54-9A1E7A4F7556}") = "InsectWalk", "InsectWalk\InsectWalk.csproj", "{796EDD1D-D4A8-4C65-9E0D-FA6A6E5145EB}"
EndProject
Project("{9A19103F-16F7-4668-BE54-9A1E7A4F7556}") = "AntNum", "AntNum\AntNum.csproj", "{21C82B78-CF74-4AFE-A224-88429E67D170}"
EndProject
Project("{9A19103F-16F7-4668-BE54-9A1E7A4F7556}") = "Formon", "Formon\Formon.csproj", "{D359623F-E009-4DAA-AD7B-E5CBE82A3F74}"
EndProject
Project("{9A19103F-16F7-4668-BE54-9A1E7A4F7556}") = "Foreachmon", "Foreachmon\Foreachmon.csproj", "{4BFDFFD6-D633-4052-9873-583EB1A1FF6C}"
EndProject
Project("{9A19103F-16F7-4668-BE54-9A1E7A4F7556}") = "Forex", "Forex\Forex.csproj", "{36CEECD8-7582-4094-8833-8F3D23BBD554}"
EndProject
Project("{9A19103F-16F7-4668-BE54-9A1E7A4F7556}") = "Game", "Game\Game.csproj", "{0E47476B-A8F9-4739-B740-778ED949F240}"
EndProject
Project("{9A19103F-16F7-4668-BE54-9A1E7A4F7556}") = "Korean", "Korean\Korean.csproj", "{5145BE0C-01A0-4D88-85EA-2A2C0BBCFA2A}"
EndProject
Project("{9A19103F-16F7-4668-BE54-9A1E7A4F7556}") = "Star", "Star\Star.csproj", "{DAC6A7A3-B0FE-4220-A833-F3885D2036FF}"
EndProject
Project("{9A19103F-16F7-4668-BE54-9A1E7A4F7556}") = "Starmon1", "Starmon1\Starmon1.csproj", "{9CE8E691-279A-46DB-9961-E93712020576}"
EndProject
Project("{9A19103F-16F7-4668-BE54-9A1E7A4F7556}") = "Starmon2", "Starmon2\Starmon2.csproj", "{79C8B146-3F3A-4BA4-BC95-2D0296FDBB2C}"
EndProject
Project("{9A19103F-16F7-4668-BE54-9A1E7A4F7556}") = "Summon", "Summon\Summon.csproj", "{EDED1715-5C2F-4A16-B015-1CE7F170A46C}"
EndProject
Project("{9A19103F-16F7-4668-BE54-9A1E7A4F7556}") = "Whilemon", "Whilemon\Whilemon.csproj", "{DCE0C397-E833-4722-9F1D-F0085190C8C8}"
EndProject
Project("{9A19103F-16F7-4668-BE54-9A1E7A4F7556}") = "Homeworktest", "Homeworktest\Homeworktest.csproj", "{C50C7F44-7311-4F9A-ADCE-6901CF133250}"
EndProject
Project("{9A19103F-16F7-4668-BE54-9A1E7A4F7556}") = "Kgchange", "Kgchange\Kgchange.csproj", "{2DEA7D6F-7B27-40C5-9753-ADD2B175EE5F}"
EndProject
Project("{9A19103F-16F7-4668-BE54-9A1E7A4F7556}") = "Radiusproblem", "Radiusproblem\Radiusproblem.csproj", "{2CEC1467-6791-470F-8400-573CD68BEABC}"
EndProject
Project("{9A19103F-16F7-4668-BE54-9A1E7A4F7556}") = "Score", "Score\Score.csproj", "{287D11D4-329C-4E40-AD1F-3AB08F954A92}"
EndProject
Project("{9A19103F-16F7-4668-BE54-9A1E7A4F7556}") = "Season", "Season\Season.csproj", "{60AB1E45-9A52-48B4-B050-B7E5EECB6B0B}"
EndProject
Project("{9A19103F-16F7-4668-BE54-9A1E7A4F7556}") = "Work3_1", "Work3_1\Work3_1.csproj", "{CA087894-4196-40C2-8110-33D358991979}"
EndProject
Project("{9A19103F-16F7-4668-BE54-9A1E7A4F7556}") = "Xyint", "Xyint\Xyint.csproj", "{AA6D72CF-A32F-4C56-9967-0707B83DF550}"
EndProject
Project("{9A19103F-16F7-4668-BE54-9A1E7A4F7556}") = "Year", "Year\Year.csproj", "{7CE9A57B-242F-4340-B894-E19BDBD74B9B}"
EndProject
Project("{9A19103F-16F7-4668-BE54-9A1E7A4F7556}") = "Month", "Month\Month.csproj", "{6283EBCC-6AB1-483C-B642-C543B643F77D}"
EndProject
Project("{9A19103F-16F7-4668-BE54-9A1E7A4F7556}") = "FourYear", "FourYear\FourYear.csproj", "{95AD409D-63E7-4CA2-861C-96E687A9B846}"
EndProject
Project("{9A19103F-16F7-4668-BE54-9A1E7A4F7556}") = "Game2", "Game2\Game2.csproj", "{F1DD966B-7D59-4E60-9D6B-885F9D27A934}"
EndProject
Project("{9A19103F-16F7-4668-BE54-9A1E7A4F7556}") = "HalfUp", "HalfUp\HalfUp.csproj", "{FD75BE9E-898D-4FD4-8AF5-2179C90BA9B5}"
EndProject
Project("{9A19103F-16F7-4668-BE54-9A1E7A4F7556}") = "Random", "Random\Random.csproj", "{75FD5EBA-F800-4860-83E9-84986A7E9A29}"
EndProject
Project("{9A19103F-16F7-4668-BE54-9A1E7A4F7556}") = "Switch", "Switch\Switch.csproj", "{A8EC0DB3-5A90-4BCE-8E81-A307661A1757}"
EndProject
Project("{9A19103F-16F7-4668-BE54-9A1E7A4F7556}") = "Circle", "Circle\Circle.csproj", "{D48F8507-0B5F-48B6-97C6-067AF53ACD2E}"
EndProject
Project("{9A19103F-16F7-4668-BE54-9A1E7A4F7556}") = "Day", "Day\Day.csproj", "{CA050685-E92D-4A0E-94FB-04C47BA3AF08}"
EndProject
Project("{9A19103F-16F7-4668-BE54-9A1E7A4F7556}") = "EvenNumber", "EvenNumber\EvenNumber.csproj", "{D3FCA122-72B7-4C42-A529-F3B5AE92946A}"
EndProject
Project("{9A19103F-16F7-4668-BE54-9A1E7A4F7556}") = "Exchange", "Exchange\Exchange.csproj", "{8FE91245-06DC-4D66-9E50-DE23C0B9ED21}"
EndProject
Project("{9A19103F-16F7-4668-BE54-9A1E7A4F7556}") = "Time", "Time\Time.csproj", "{5440DF2B-E8ED-4B19-A0D5-2FA0D5108BAB}"
EndProject
Project("{9A19103F-16F7-4668-BE54-9A1E7A4F7556}") = "Triangle", "Triangle\Triangle.csproj", "{644187D1-B175-4550-8DA9-5AA1F72D72E9}"
EndProject
Project("{9A19103F-16F7-4668-BE54-9A1E7A4F7556}") = "TwoChar", "TwoChar\TwoChar.csproj", "{903B18F6-D60F-443B-97C1-D136262C0C7D}"
EndProject
Project("{9A19103F-16F7-4668-BE54-9A1E7A4F7556}") = "Star2", "Star2\Star2.csproj", "{A6FC1C21-91B7-4315-B28C-99070EB63A4F}"
EndProject
Project("{9A19103F-16F7-4668-BE54-9A1E7A4F7556}") = "CarClass", "CarClass\CarClass.csproj", "{F7EBB002-7769-4910-AB1A-254F235977A3}"
EndProject
Project("{9A19103F-16F7-4668-BE54-9A1E7A4F7556}") = "RandomInt", "RandomInt\RandomInt.csproj", "{9E96F3E7-CE61-484D-8ADA-99C2C46FAFA5}"
EndProject
Project("{9A19103F-16F7-4668-BE54-9A1E7A4F7556}") = "RandomDouble", "RandomDouble\RandomDouble.csproj", "{3D9F3995-EC97-46BB-8B74-BE3721C4C37A}"
EndProject
Project("{9A19103F-16F7-4668-BE54-9A1E7A4F7556}") = "ListClass", "ListClass\ListClass.csproj", "{48B51408-56C0-4AE6-9AA4-E5B64DAF6575}"
EndProject
Project("{9A19103F-16F7-4668-BE54-9A1E7A4F7556}") = "ListAddRemove", "ListAdd\ListAddRemove.csproj", "{8943DD67-84A9-468F-9781-EC382B6260AA}"
EndProject
Project("{9A19103F-16F7-4668-BE54-9A1E7A4F7556}") = "MathBasic", "MathBasic\MathBasic.csproj", "{5FEEBFBE-1BAB-4059-B628-42591A7942B8}"
EndProject
Project("{9A19103F-16F7-4668-BE54-9A1E7A4F7556}") = "ClassName", "ClassName\ClassName.csproj", "{4A164004-5CCC-4953-BE73-AF4FA9F9A484}"
EndProject
Project("{9A19103F-16F7-4668-BE54-9A1E7A4F7556}") = "ClassVariable", "ClassVariable\ClassVariable.csproj", "{D852082E-3BE4-43D9-960F-953B269619E2}"
EndProject
Project("{9A19103F-16F7-4668-BE54-9A1E7A4F7556}") = "ModelClass", "ModelClass\ModelClass.csproj", "{2477C9C3-EF4F-448F-8910-D30EA1DB2EC0}"
EndProject
Project("{9A19103F-16F7-4668-BE54-9A1E7A4F7556}") = "ListRemove", "ListRemove\ListRemove.csproj", "{273AF3BD-C185-4CF7-A5E7-C2D16612A3AB}"
EndProject
Project("{9A19103F-16F7-4668-BE54-9A1E7A4F7556}") = "InstanceClass", "InstanceClass\InstanceClass.csproj", "{46DCE49A-9DD9-44AB-8B84-4B2156E6C147}"
EndProject
Project("{9A19103F-16F7-4668-BE54-9A1E7A4F7556}") = "SumMethod", "SumMethod\SumMethod.csproj", "{897FBB36-FEFF-4781-95E6-16A3E4636D1E}"
EndProject
Project("{9A19103F-16F7-4668-BE54-9A1E7A4F7556}") = "MultiplyMethod", "MultiplyMethod\MultiplyMethod.csproj", "{249BFEB1-6BCF-461D-971F-9EF8F5F4C204}"
EndProject
Project("{9A19103F-16F7-4668-BE54-9A1E7A4F7556}") = "ClassMethod", "ClassMethod\ClassMethod.csproj", "{7C4062CA-4473-4B17-AE35-74596D7A144F}"
EndProject
Project("{9A19103F-16F7-4668-BE54-9A1E7A4F7556}") = "ClassMethods", "ClassMethods\ClassMethods.csproj", "{DD4AFB62-3593-44EC-93DD-8061EE7F8DFC}"
EndProject
Project("{9A19103F-16F7-4668-BE54-9A1E7A4F7556}") = "OverLoading", "OverLoading\OverLoading.csproj", "{73B43121-FB73-457D-A8EF-7B3F91442968}"
EndProject
Project("{9A19103F-16F7-4668-BE54-9A1E7A4F7556}") = "PublicClass", "PublicClass\PublicClass.csproj", "{AD9AE029-393A-44C2-A89A-7742E8FE5FF1}"
EndProject
Project("{9A19103F-16F7-4668-BE54-9A1E7A4F7556}") = "Constructor", "Constructor\Constructor.csproj", "{3B947149-1AA7-45FE-93F9-A316CD9F7B70}"
EndProject
Project("{9A19103F-16F7-4668-BE54-9A1E7A4F7556}") = "ConstructorCount", "ConstructorCount\ConstructorCount.csproj", "{4124C483-B654-4256-B4D2-0A256868C64A}"
EndProject
Project("{9A19103F-16F7-4668-BE54-9A1E7A4F7556}") = "Static", "Static\Static.csproj", "{7B0D546A-C8B1-430F-974C-81EEDFAF4E01}"
EndProject
Project("{9A19103F-16F7-4668-BE54-9A1E7A4F7556}") = "Constants", "Constants\Constants.csproj", "{D758D40B-4B11-46F2-8289-E563E008B9EC}"
EndProject
Project("{9A19103F-16F7-4668-BE54-9A1E7A4F7556}") = "Boxes", "Boxes\Boxes.csproj", "{465488BD-A3D9-47DF-B73B-69E71AC04343}"
EndProject
Project("{9A19103F-16F7-4668-BE54-9A1E7A4F7556}") = "Property", "Property\Property.csproj", "{FB5C758B-8CF3-4257-96A4-CEA9CB2E7E47}"
EndProject
Project("{9A19103F-16F7-4668-BE54-9A1E7A4F7556}") = "Copies", "Copyies\Copies.csproj", "{03227D8E-35D1-4FB4-A195-11C5F83BBF70}"
EndProject
Project("{9A19103F-16F7-4668-BE54-9A1E7A4F7556}") = "Reference", "Reference\Reference.csproj", "{4C9A6FB4-A25B-4D49-836D-326D45EC4AD9}"
EndProject
Project("{9A19103F-16F7-4668-BE54-9A1E7A4F7556}") = "Swapref", "Swapref\Swapref.csproj", "{7029E081-FE79-4CEA-9BFB-0A40A4245566}"
EndProject
Project("{9A19103F-16F7-4668-BE54-9A1E7A4F7556}") = "SelfMethod", "SelfMethod\SelfMethod.csproj", "{4E810C0A-A419-400B-8EBC-69053B1269FA}"
EndProject
Project("{9A19103F-16F7-4668-BE54-9A1E7A4F7556}") = "Memorize", "Memorize\Memorize.csproj", "{74D13765-EEF3-4A90-B29F-0428C274C741}"
EndProject
Project("{9A19103F-16F7-4668-BE54-9A1E7A4F7556}") = "Direction", "Direction\Direction.csproj", "{F1A6CD95-3426-4E64-8FF1-16F703A73F96}"
EndProject
Project("{FAE04EC0-301F-11D3-BF4B-00C04F79EFBC}") = "Windowsform", "Windowsform\Windowsform.csproj", "{A40EAA62-D2B0-4498-9E3E-50875F4E0203}"
EndProject
Project("{FAE04EC0-301F-11D3-BF4B-00C04F79EFBC}") = "MulMul", "MulMul\MulMul.csproj", "{3B7F656C-8F5D-40A0-9D68-3F11CF4BE9BA}"
EndProject
Project("{FAE04EC0-301F-11D3-BF4B-00C04F79EFBC}") = "RandomStar", "RandomStar\RandomStar.csproj", "{971F0564-C9C1-4205-ADBC-C0D4A8CA50CA}"
EndProject
Project("{FAE04EC0-301F-11D3-BF4B-00C04F79EFBC}") = "InsertSum", "InsertSum\InsertSum.csproj", "{A43EB533-A02F-4FCA-B908-79785962A0A6}"
EndProject
Project("{FAE04EC0-301F-11D3-BF4B-00C04F79EFBC}") = "MainNums", "MainNums\MainNums.csproj", "{3A483156-D33B-4DCA-B26A-63DA2826A0C7}"
EndProject
Project("{FAE04EC0-301F-11D3-BF4B-00C04F79EFBC}") = "InputNum", "InputNum\InputNum.csproj", "{B1BAEE68-4E52-4B31-BBD5-57150D6E6CDC}"
EndProject
Project("{FAE04EC0-301F-11D3-BF4B-00C04F79EFBC}") = "NFound", "NFound\NFound.csproj", "{4DE5A103-6B6D-4039-9C91-75713113C3F2}"
EndProject
Project("{FAE04EC0-301F-11D3-BF4B-00C04F79EFBC}") = "Strcmp", "Strcmp\Strcmp.csproj", "{75D75CF3-7917-4280-A52A-0132E74A2D80}"
EndProject
Project("{FAE04EC0-301F-11D3-BF4B-00C04F79EFBC}") = "InsertXY", "InsertXY\InsertXY.csproj", "{935CE34A-650F-4C17-BE0F-92D1E2F4EC37}"
EndProject
Project("{FAE04EC0-301F-11D3-BF4B-00C04F79EFBC}") = "SumUpper", "SumUpper\SumUpper.csproj", "{69D01F7F-BF96-43D7-AFF6-176CB0F7D952}"
EndProject
Project("{FAE04EC0-301F-11D3-BF4B-00C04F79EFBC}") = "Lotto", "Lotto\Lotto.csproj", "{B690AB76-AA80-4AAF-99E8-2C75743E7AF7}"
EndProject
Project("{FAE04EC0-301F-11D3-BF4B-00C04F79EFBC}") = "LottoList", "LottoList\LottoList.csproj", "{013DD5A8-D353-4CCD-8C29-A6A496BE0350}"
EndProject
Global
	GlobalSection(SolutionConfigurationPlatforms) = preSolution
		Debug|Any CPU = Debug|Any CPU
		Release|Any CPU = Release|Any CPU
	EndGlobalSection
	GlobalSection(ProjectConfigurationPlatforms) = postSolution
		{1BD4BA1E-D6DC-43E9-ACEF-0E3C74CF7728}.Debug|Any CPU.ActiveCfg = Debug|Any CPU
		{1BD4BA1E-D6DC-43E9-ACEF-0E3C74CF7728}.Debug|Any CPU.Build.0 = Debug|Any CPU
		{1BD4BA1E-D6DC-43E9-ACEF-0E3C74CF7728}.Release|Any CPU.ActiveCfg = Release|Any CPU
		{1BD4BA1E-D6DC-43E9-ACEF-0E3C74CF7728}.Release|Any CPU.Build.0 = Release|Any CPU
		{475FCDF9-61E4-43EA-941C-38A9F9582D27}.Debug|Any CPU.ActiveCfg = Debug|Any CPU
		{475FCDF9-61E4-43EA-941C-38A9F9582D27}.Debug|Any CPU.Build.0 = Debug|Any CPU
		{475FCDF9-61E4-43EA-941C-38A9F9582D27}.Release|Any CPU.ActiveCfg = Release|Any CPU
		{475FCDF9-61E4-43EA-941C-38A9F9582D27}.Release|Any CPU.Build.0 = Release|Any CPU
		{237A826B-D8FD-4C3B-A537-B7E17A5EC71C}.Debug|Any CPU.ActiveCfg = Debug|Any CPU
		{237A826B-D8FD-4C3B-A537-B7E17A5EC71C}.Debug|Any CPU.Build.0 = Debug|Any CPU
		{237A826B-D8FD-4C3B-A537-B7E17A5EC71C}.Release|Any CPU.ActiveCfg = Release|Any CPU
		{237A826B-D8FD-4C3B-A537-B7E17A5EC71C}.Release|Any CPU.Build.0 = Release|Any CPU
		{796EDD1D-D4A8-4C65-9E0D-FA6A6E5145EB}.Debug|Any CPU.ActiveCfg = Debug|Any CPU
		{796EDD1D-D4A8-4C65-9E0D-FA6A6E5145EB}.Debug|Any CPU.Build.0 = Debug|Any CPU
		{796EDD1D-D4A8-4C65-9E0D-FA6A6E5145EB}.Release|Any CPU.ActiveCfg = Release|Any CPU
		{796EDD1D-D4A8-4C65-9E0D-FA6A6E5145EB}.Release|Any CPU.Build.0 = Release|Any CPU
		{21C82B78-CF74-4AFE-A224-88429E67D170}.Debug|Any CPU.ActiveCfg = Debug|Any CPU
		{21C82B78-CF74-4AFE-A224-88429E67D170}.Debug|Any CPU.Build.0 = Debug|Any CPU
		{21C82B78-CF74-4AFE-A224-88429E67D170}.Release|Any CPU.ActiveCfg = Release|Any CPU
		{21C82B78-CF74-4AFE-A224-88429E67D170}.Release|Any CPU.Build.0 = Release|Any CPU
		{D359623F-E009-4DAA-AD7B-E5CBE82A3F74}.Debug|Any CPU.ActiveCfg = Debug|Any CPU
		{D359623F-E009-4DAA-AD7B-E5CBE82A3F74}.Debug|Any CPU.Build.0 = Debug|Any CPU
		{D359623F-E009-4DAA-AD7B-E5CBE82A3F74}.Release|Any CPU.ActiveCfg = Release|Any CPU
		{D359623F-E009-4DAA-AD7B-E5CBE82A3F74}.Release|Any CPU.Build.0 = Release|Any CPU
		{4BFDFFD6-D633-4052-9873-583EB1A1FF6C}.Debug|Any CPU.ActiveCfg = Debug|Any CPU
		{4BFDFFD6-D633-4052-9873-583EB1A1FF6C}.Debug|Any CPU.Build.0 = Debug|Any CPU
		{4BFDFFD6-D633-4052-9873-583EB1A1FF6C}.Release|Any CPU.ActiveCfg = Release|Any CPU
		{4BFDFFD6-D633-4052-9873-583EB1A1FF6C}.Release|Any CPU.Build.0 = Release|Any CPU
		{36CEECD8-7582-4094-8833-8F3D23BBD554}.Debug|Any CPU.ActiveCfg = Debug|Any CPU
		{36CEECD8-7582-4094-8833-8F3D23BBD554}.Debug|Any CPU.Build.0 = Debug|Any CPU
		{36CEECD8-7582-4094-8833-8F3D23BBD554}.Release|Any CPU.ActiveCfg = Release|Any CPU
		{36CEECD8-7582-4094-8833-8F3D23BBD554}.Release|Any CPU.Build.0 = Release|Any CPU
		{0E47476B-A8F9-4739-B740-778ED949F240}.Debug|Any CPU.ActiveCfg = Debug|Any CPU
		{0E47476B-A8F9-4739-B740-778ED949F240}.Debug|Any CPU.Build.0 = Debug|Any CPU
		{0E47476B-A8F9-4739-B740-778ED949F240}.Release|Any CPU.ActiveCfg = Release|Any CPU
		{0E47476B-A8F9-4739-B740-778ED949F240}.Release|Any CPU.Build.0 = Release|Any CPU
		{5145BE0C-01A0-4D88-85EA-2A2C0BBCFA2A}.Debug|Any CPU.ActiveCfg = Debug|Any CPU
		{5145BE0C-01A0-4D88-85EA-2A2C0BBCFA2A}.Debug|Any CPU.Build.0 = Debug|Any CPU
		{5145BE0C-01A0-4D88-85EA-2A2C0BBCFA2A}.Release|Any CPU.ActiveCfg = Release|Any CPU
		{5145BE0C-01A0-4D88-85EA-2A2C0BBCFA2A}.Release|Any CPU.Build.0 = Release|Any CPU
		{DAC6A7A3-B0FE-4220-A833-F3885D2036FF}.Debug|Any CPU.ActiveCfg = Debug|Any CPU
		{DAC6A7A3-B0FE-4220-A833-F3885D2036FF}.Debug|Any CPU.Build.0 = Debug|Any CPU
		{DAC6A7A3-B0FE-4220-A833-F3885D2036FF}.Release|Any CPU.ActiveCfg = Release|Any CPU
		{DAC6A7A3-B0FE-4220-A833-F3885D2036FF}.Release|Any CPU.Build.0 = Release|Any CPU
		{9CE8E691-279A-46DB-9961-E93712020576}.Debug|Any CPU.ActiveCfg = Debug|Any CPU
		{9CE8E691-279A-46DB-9961-E93712020576}.Debug|Any CPU.Build.0 = Debug|Any CPU
		{9CE8E691-279A-46DB-9961-E93712020576}.Release|Any CPU.ActiveCfg = Release|Any CPU
		{9CE8E691-279A-46DB-9961-E93712020576}.Release|Any CPU.Build.0 = Release|Any CPU
		{79C8B146-3F3A-4BA4-BC95-2D0296FDBB2C}.Debug|Any CPU.ActiveCfg = Debug|Any CPU
		{79C8B146-3F3A-4BA4-BC95-2D0296FDBB2C}.Debug|Any CPU.Build.0 = Debug|Any CPU
		{79C8B146-3F3A-4BA4-BC95-2D0296FDBB2C}.Release|Any CPU.ActiveCfg = Release|Any CPU
		{79C8B146-3F3A-4BA4-BC95-2D0296FDBB2C}.Release|Any CPU.Build.0 = Release|Any CPU
		{EDED1715-5C2F-4A16-B015-1CE7F170A46C}.Debug|Any CPU.ActiveCfg = Debug|Any CPU
		{EDED1715-5C2F-4A16-B015-1CE7F170A46C}.Debug|Any CPU.Build.0 = Debug|Any CPU
		{EDED1715-5C2F-4A16-B015-1CE7F170A46C}.Release|Any CPU.ActiveCfg = Release|Any CPU
		{EDED1715-5C2F-4A16-B015-1CE7F170A46C}.Release|Any CPU.Build.0 = Release|Any CPU
		{DCE0C397-E833-4722-9F1D-F0085190C8C8}.Debug|Any CPU.ActiveCfg = Debug|Any CPU
		{DCE0C397-E833-4722-9F1D-F0085190C8C8}.Debug|Any CPU.Build.0 = Debug|Any CPU
		{DCE0C397-E833-4722-9F1D-F0085190C8C8}.Release|Any CPU.ActiveCfg = Release|Any CPU
		{DCE0C397-E833-4722-9F1D-F0085190C8C8}.Release|Any CPU.Build.0 = Release|Any CPU
		{C50C7F44-7311-4F9A-ADCE-6901CF133250}.Debug|Any CPU.ActiveCfg = Debug|Any CPU
		{C50C7F44-7311-4F9A-ADCE-6901CF133250}.Debug|Any CPU.Build.0 = Debug|Any CPU
		{C50C7F44-7311-4F9A-ADCE-6901CF133250}.Release|Any CPU.ActiveCfg = Release|Any CPU
		{C50C7F44-7311-4F9A-ADCE-6901CF133250}.Release|Any CPU.Build.0 = Release|Any CPU
		{2DEA7D6F-7B27-40C5-9753-ADD2B175EE5F}.Debug|Any CPU.ActiveCfg = Debug|Any CPU
		{2DEA7D6F-7B27-40C5-9753-ADD2B175EE5F}.Debug|Any CPU.Build.0 = Debug|Any CPU
		{2DEA7D6F-7B27-40C5-9753-ADD2B175EE5F}.Release|Any CPU.ActiveCfg = Release|Any CPU
		{2DEA7D6F-7B27-40C5-9753-ADD2B175EE5F}.Release|Any CPU.Build.0 = Release|Any CPU
		{2CEC1467-6791-470F-8400-573CD68BEABC}.Debug|Any CPU.ActiveCfg = Debug|Any CPU
		{2CEC1467-6791-470F-8400-573CD68BEABC}.Debug|Any CPU.Build.0 = Debug|Any CPU
		{2CEC1467-6791-470F-8400-573CD68BEABC}.Release|Any CPU.ActiveCfg = Release|Any CPU
		{2CEC1467-6791-470F-8400-573CD68BEABC}.Release|Any CPU.Build.0 = Release|Any CPU
		{287D11D4-329C-4E40-AD1F-3AB08F954A92}.Debug|Any CPU.ActiveCfg = Debug|Any CPU
		{287D11D4-329C-4E40-AD1F-3AB08F954A92}.Debug|Any CPU.Build.0 = Debug|Any CPU
		{287D11D4-329C-4E40-AD1F-3AB08F954A92}.Release|Any CPU.ActiveCfg = Release|Any CPU
		{287D11D4-329C-4E40-AD1F-3AB08F954A92}.Release|Any CPU.Build.0 = Release|Any CPU
		{60AB1E45-9A52-48B4-B050-B7E5EECB6B0B}.Debug|Any CPU.ActiveCfg = Debug|Any CPU
		{60AB1E45-9A52-48B4-B050-B7E5EECB6B0B}.Debug|Any CPU.Build.0 = Debug|Any CPU
		{60AB1E45-9A52-48B4-B050-B7E5EECB6B0B}.Release|Any CPU.ActiveCfg = Release|Any CPU
		{60AB1E45-9A52-48B4-B050-B7E5EECB6B0B}.Release|Any CPU.Build.0 = Release|Any CPU
		{CA087894-4196-40C2-8110-33D358991979}.Debug|Any CPU.ActiveCfg = Debug|Any CPU
		{CA087894-4196-40C2-8110-33D358991979}.Debug|Any CPU.Build.0 = Debug|Any CPU
		{CA087894-4196-40C2-8110-33D358991979}.Release|Any CPU.ActiveCfg = Release|Any CPU
		{CA087894-4196-40C2-8110-33D358991979}.Release|Any CPU.Build.0 = Release|Any CPU
		{AA6D72CF-A32F-4C56-9967-0707B83DF550}.Debug|Any CPU.ActiveCfg = Debug|Any CPU
		{AA6D72CF-A32F-4C56-9967-0707B83DF550}.Debug|Any CPU.Build.0 = Debug|Any CPU
		{AA6D72CF-A32F-4C56-9967-0707B83DF550}.Release|Any CPU.ActiveCfg = Release|Any CPU
		{AA6D72CF-A32F-4C56-9967-0707B83DF550}.Release|Any CPU.Build.0 = Release|Any CPU
		{7CE9A57B-242F-4340-B894-E19BDBD74B9B}.Debug|Any CPU.ActiveCfg = Debug|Any CPU
		{7CE9A57B-242F-4340-B894-E19BDBD74B9B}.Debug|Any CPU.Build.0 = Debug|Any CPU
		{7CE9A57B-242F-4340-B894-E19BDBD74B9B}.Release|Any CPU.ActiveCfg = Release|Any CPU
		{7CE9A57B-242F-4340-B894-E19BDBD74B9B}.Release|Any CPU.Build.0 = Release|Any CPU
		{6283EBCC-6AB1-483C-B642-C543B643F77D}.Debug|Any CPU.ActiveCfg = Debug|Any CPU
		{6283EBCC-6AB1-483C-B642-C543B643F77D}.Debug|Any CPU.Build.0 = Debug|Any CPU
		{6283EBCC-6AB1-483C-B642-C543B643F77D}.Release|Any CPU.ActiveCfg = Release|Any CPU
		{6283EBCC-6AB1-483C-B642-C543B643F77D}.Release|Any CPU.Build.0 = Release|Any CPU
		{95AD409D-63E7-4CA2-861C-96E687A9B846}.Debug|Any CPU.ActiveCfg = Debug|Any CPU
		{95AD409D-63E7-4CA2-861C-96E687A9B846}.Debug|Any CPU.Build.0 = Debug|Any CPU
		{95AD409D-63E7-4CA2-861C-96E687A9B846}.Release|Any CPU.ActiveCfg = Release|Any CPU
		{95AD409D-63E7-4CA2-861C-96E687A9B846}.Release|Any CPU.Build.0 = Release|Any CPU
		{F1DD966B-7D59-4E60-9D6B-885F9D27A934}.Debug|Any CPU.ActiveCfg = Debug|Any CPU
		{F1DD966B-7D59-4E60-9D6B-885F9D27A934}.Debug|Any CPU.Build.0 = Debug|Any CPU
		{F1DD966B-7D59-4E60-9D6B-885F9D27A934}.Release|Any CPU.ActiveCfg = Release|Any CPU
		{F1DD966B-7D59-4E60-9D6B-885F9D27A934}.Release|Any CPU.Build.0 = Release|Any CPU
		{FD75BE9E-898D-4FD4-8AF5-2179C90BA9B5}.Debug|Any CPU.ActiveCfg = Debug|Any CPU
		{FD75BE9E-898D-4FD4-8AF5-2179C90BA9B5}.Debug|Any CPU.Build.0 = Debug|Any CPU
		{FD75BE9E-898D-4FD4-8AF5-2179C90BA9B5}.Release|Any CPU.ActiveCfg = Release|Any CPU
		{FD75BE9E-898D-4FD4-8AF5-2179C90BA9B5}.Release|Any CPU.Build.0 = Release|Any CPU
		{75FD5EBA-F800-4860-83E9-84986A7E9A29}.Debug|Any CPU.ActiveCfg = Debug|Any CPU
		{75FD5EBA-F800-4860-83E9-84986A7E9A29}.Debug|Any CPU.Build.0 = Debug|Any CPU
		{75FD5EBA-F800-4860-83E9-84986A7E9A29}.Release|Any CPU.ActiveCfg = Release|Any CPU
		{75FD5EBA-F800-4860-83E9-84986A7E9A29}.Release|Any CPU.Build.0 = Release|Any CPU
		{A8EC0DB3-5A90-4BCE-8E81-A307661A1757}.Debug|Any CPU.ActiveCfg = Debug|Any CPU
		{A8EC0DB3-5A90-4BCE-8E81-A307661A1757}.Debug|Any CPU.Build.0 = Debug|Any CPU
		{A8EC0DB3-5A90-4BCE-8E81-A307661A1757}.Release|Any CPU.ActiveCfg = Release|Any CPU
		{A8EC0DB3-5A90-4BCE-8E81-A307661A1757}.Release|Any CPU.Build.0 = Release|Any CPU
		{D48F8507-0B5F-48B6-97C6-067AF53ACD2E}.Debug|Any CPU.ActiveCfg = Debug|Any CPU
		{D48F8507-0B5F-48B6-97C6-067AF53ACD2E}.Debug|Any CPU.Build.0 = Debug|Any CPU
		{D48F8507-0B5F-48B6-97C6-067AF53ACD2E}.Release|Any CPU.ActiveCfg = Release|Any CPU
		{D48F8507-0B5F-48B6-97C6-067AF53ACD2E}.Release|Any CPU.Build.0 = Release|Any CPU
		{CA050685-E92D-4A0E-94FB-04C47BA3AF08}.Debug|Any CPU.ActiveCfg = Debug|Any CPU
		{CA050685-E92D-4A0E-94FB-04C47BA3AF08}.Debug|Any CPU.Build.0 = Debug|Any CPU
		{CA050685-E92D-4A0E-94FB-04C47BA3AF08}.Release|Any CPU.ActiveCfg = Release|Any CPU
		{CA050685-E92D-4A0E-94FB-04C47BA3AF08}.Release|Any CPU.Build.0 = Release|Any CPU
		{D3FCA122-72B7-4C42-A529-F3B5AE92946A}.Debug|Any CPU.ActiveCfg = Debug|Any CPU
		{D3FCA122-72B7-4C42-A529-F3B5AE92946A}.Debug|Any CPU.Build.0 = Debug|Any CPU
		{D3FCA122-72B7-4C42-A529-F3B5AE92946A}.Release|Any CPU.ActiveCfg = Release|Any CPU
		{D3FCA122-72B7-4C42-A529-F3B5AE92946A}.Release|Any CPU.Build.0 = Release|Any CPU
		{8FE91245-06DC-4D66-9E50-DE23C0B9ED21}.Debug|Any CPU.ActiveCfg = Debug|Any CPU
		{8FE91245-06DC-4D66-9E50-DE23C0B9ED21}.Debug|Any CPU.Build.0 = Debug|Any CPU
		{8FE91245-06DC-4D66-9E50-DE23C0B9ED21}.Release|Any CPU.ActiveCfg = Release|Any CPU
		{8FE91245-06DC-4D66-9E50-DE23C0B9ED21}.Release|Any CPU.Build.0 = Release|Any CPU
		{5440DF2B-E8ED-4B19-A0D5-2FA0D5108BAB}.Debug|Any CPU.ActiveCfg = Debug|Any CPU
		{5440DF2B-E8ED-4B19-A0D5-2FA0D5108BAB}.Debug|Any CPU.Build.0 = Debug|Any CPU
		{5440DF2B-E8ED-4B19-A0D5-2FA0D5108BAB}.Release|Any CPU.ActiveCfg = Release|Any CPU
		{5440DF2B-E8ED-4B19-A0D5-2FA0D5108BAB}.Release|Any CPU.Build.0 = Release|Any CPU
		{644187D1-B175-4550-8DA9-5AA1F72D72E9}.Debug|Any CPU.ActiveCfg = Debug|Any CPU
		{644187D1-B175-4550-8DA9-5AA1F72D72E9}.Debug|Any CPU.Build.0 = Debug|Any CPU
		{644187D1-B175-4550-8DA9-5AA1F72D72E9}.Release|Any CPU.ActiveCfg = Release|Any CPU
		{644187D1-B175-4550-8DA9-5AA1F72D72E9}.Release|Any CPU.Build.0 = Release|Any CPU
		{903B18F6-D60F-443B-97C1-D136262C0C7D}.Debug|Any CPU.ActiveCfg = Debug|Any CPU
		{903B18F6-D60F-443B-97C1-D136262C0C7D}.Debug|Any CPU.Build.0 = Debug|Any CPU
		{903B18F6-D60F-443B-97C1-D136262C0C7D}.Release|Any CPU.ActiveCfg = Release|Any CPU
		{903B18F6-D60F-443B-97C1-D136262C0C7D}.Release|Any CPU.Build.0 = Release|Any CPU
		{A6FC1C21-91B7-4315-B28C-99070EB63A4F}.Debug|Any CPU.ActiveCfg = Debug|Any CPU
		{A6FC1C21-91B7-4315-B28C-99070EB63A4F}.Debug|Any CPU.Build.0 = Debug|Any CPU
		{A6FC1C21-91B7-4315-B28C-99070EB63A4F}.Release|Any CPU.ActiveCfg = Release|Any CPU
		{A6FC1C21-91B7-4315-B28C-99070EB63A4F}.Release|Any CPU.Build.0 = Release|Any CPU
		{F7EBB002-7769-4910-AB1A-254F235977A3}.Debug|Any CPU.ActiveCfg = Debug|Any CPU
		{F7EBB002-7769-4910-AB1A-254F235977A3}.Debug|Any CPU.Build.0 = Debug|Any CPU
		{F7EBB002-7769-4910-AB1A-254F235977A3}.Release|Any CPU.ActiveCfg = Release|Any CPU
		{F7EBB002-7769-4910-AB1A-254F235977A3}.Release|Any CPU.Build.0 = Release|Any CPU
		{9E96F3E7-CE61-484D-8ADA-99C2C46FAFA5}.Debug|Any CPU.ActiveCfg = Debug|Any CPU
		{9E96F3E7-CE61-484D-8ADA-99C2C46FAFA5}.Debug|Any CPU.Build.0 = Debug|Any CPU
		{9E96F3E7-CE61-484D-8ADA-99C2C46FAFA5}.Release|Any CPU.ActiveCfg = Release|Any CPU
		{9E96F3E7-CE61-484D-8ADA-99C2C46FAFA5}.Release|Any CPU.Build.0 = Release|Any CPU
		{3D9F3995-EC97-46BB-8B74-BE3721C4C37A}.Debug|Any CPU.ActiveCfg = Debug|Any CPU
		{3D9F3995-EC97-46BB-8B74-BE3721C4C37A}.Debug|Any CPU.Build.0 = Debug|Any CPU
		{3D9F3995-EC97-46BB-8B74-BE3721C4C37A}.Release|Any CPU.ActiveCfg = Release|Any CPU
		{3D9F3995-EC97-46BB-8B74-BE3721C4C37A}.Release|Any CPU.Build.0 = Release|Any CPU
		{48B51408-56C0-4AE6-9AA4-E5B64DAF6575}.Debug|Any CPU.ActiveCfg = Debug|Any CPU
		{48B51408-56C0-4AE6-9AA4-E5B64DAF6575}.Debug|Any CPU.Build.0 = Debug|Any CPU
		{48B51408-56C0-4AE6-9AA4-E5B64DAF6575}.Release|Any CPU.ActiveCfg = Release|Any CPU
		{48B51408-56C0-4AE6-9AA4-E5B64DAF6575}.Release|Any CPU.Build.0 = Release|Any CPU
		{8943DD67-84A9-468F-9781-EC382B6260AA}.Debug|Any CPU.ActiveCfg = Debug|Any CPU
		{8943DD67-84A9-468F-9781-EC382B6260AA}.Debug|Any CPU.Build.0 = Debug|Any CPU
		{8943DD67-84A9-468F-9781-EC382B6260AA}.Release|Any CPU.ActiveCfg = Release|Any CPU
		{8943DD67-84A9-468F-9781-EC382B6260AA}.Release|Any CPU.Build.0 = Release|Any CPU
		{5FEEBFBE-1BAB-4059-B628-42591A7942B8}.Debug|Any CPU.ActiveCfg = Debug|Any CPU
		{5FEEBFBE-1BAB-4059-B628-42591A7942B8}.Debug|Any CPU.Build.0 = Debug|Any CPU
		{5FEEBFBE-1BAB-4059-B628-42591A7942B8}.Release|Any CPU.ActiveCfg = Release|Any CPU
		{5FEEBFBE-1BAB-4059-B628-42591A7942B8}.Release|Any CPU.Build.0 = Release|Any CPU
		{4A164004-5CCC-4953-BE73-AF4FA9F9A484}.Debug|Any CPU.ActiveCfg = Debug|Any CPU
		{4A164004-5CCC-4953-BE73-AF4FA9F9A484}.Debug|Any CPU.Build.0 = Debug|Any CPU
		{4A164004-5CCC-4953-BE73-AF4FA9F9A484}.Release|Any CPU.ActiveCfg = Release|Any CPU
		{4A164004-5CCC-4953-BE73-AF4FA9F9A484}.Release|Any CPU.Build.0 = Release|Any CPU
		{D852082E-3BE4-43D9-960F-953B269619E2}.Debug|Any CPU.ActiveCfg = Debug|Any CPU
		{D852082E-3BE4-43D9-960F-953B269619E2}.Debug|Any CPU.Build.0 = Debug|Any CPU
		{D852082E-3BE4-43D9-960F-953B269619E2}.Release|Any CPU.ActiveCfg = Release|Any CPU
		{D852082E-3BE4-43D9-960F-953B269619E2}.Release|Any CPU.Build.0 = Release|Any CPU
		{2477C9C3-EF4F-448F-8910-D30EA1DB2EC0}.Debug|Any CPU.ActiveCfg = Debug|Any CPU
		{2477C9C3-EF4F-448F-8910-D30EA1DB2EC0}.Debug|Any CPU.Build.0 = Debug|Any CPU
		{2477C9C3-EF4F-448F-8910-D30EA1DB2EC0}.Release|Any CPU.ActiveCfg = Release|Any CPU
		{2477C9C3-EF4F-448F-8910-D30EA1DB2EC0}.Release|Any CPU.Build.0 = Release|Any CPU
		{273AF3BD-C185-4CF7-A5E7-C2D16612A3AB}.Debug|Any CPU.ActiveCfg = Debug|Any CPU
		{273AF3BD-C185-4CF7-A5E7-C2D16612A3AB}.Debug|Any CPU.Build.0 = Debug|Any CPU
		{273AF3BD-C185-4CF7-A5E7-C2D16612A3AB}.Release|Any CPU.ActiveCfg = Release|Any CPU
		{273AF3BD-C185-4CF7-A5E7-C2D16612A3AB}.Release|Any CPU.Build.0 = Release|Any CPU
		{46DCE49A-9DD9-44AB-8B84-4B2156E6C147}.Debug|Any CPU.ActiveCfg = Debug|Any CPU
		{46DCE49A-9DD9-44AB-8B84-4B2156E6C147}.Debug|Any CPU.Build.0 = Debug|Any CPU
		{46DCE49A-9DD9-44AB-8B84-4B2156E6C147}.Release|Any CPU.ActiveCfg = Release|Any CPU
		{46DCE49A-9DD9-44AB-8B84-4B2156E6C147}.Release|Any CPU.Build.0 = Release|Any CPU
		{897FBB36-FEFF-4781-95E6-16A3E4636D1E}.Debug|Any CPU.ActiveCfg = Debug|Any CPU
		{897FBB36-FEFF-4781-95E6-16A3E4636D1E}.Debug|Any CPU.Build.0 = Debug|Any CPU
		{897FBB36-FEFF-4781-95E6-16A3E4636D1E}.Release|Any CPU.ActiveCfg = Release|Any CPU
		{897FBB36-FEFF-4781-95E6-16A3E4636D1E}.Release|Any CPU.Build.0 = Release|Any CPU
		{249BFEB1-6BCF-461D-971F-9EF8F5F4C204}.Debug|Any CPU.ActiveCfg = Debug|Any CPU
		{249BFEB1-6BCF-461D-971F-9EF8F5F4C204}.Debug|Any CPU.Build.0 = Debug|Any CPU
		{249BFEB1-6BCF-461D-971F-9EF8F5F4C204}.Release|Any CPU.ActiveCfg = Release|Any CPU
		{249BFEB1-6BCF-461D-971F-9EF8F5F4C204}.Release|Any CPU.Build.0 = Release|Any CPU
		{7C4062CA-4473-4B17-AE35-74596D7A144F}.Debug|Any CPU.ActiveCfg = Debug|Any CPU
		{7C4062CA-4473-4B17-AE35-74596D7A144F}.Debug|Any CPU.Build.0 = Debug|Any CPU
		{7C4062CA-4473-4B17-AE35-74596D7A144F}.Release|Any CPU.ActiveCfg = Release|Any CPU
		{7C4062CA-4473-4B17-AE35-74596D7A144F}.Release|Any CPU.Build.0 = Release|Any CPU
		{DD4AFB62-3593-44EC-93DD-8061EE7F8DFC}.Debug|Any CPU.ActiveCfg = Debug|Any CPU
		{DD4AFB62-3593-44EC-93DD-8061EE7F8DFC}.Debug|Any CPU.Build.0 = Debug|Any CPU
		{DD4AFB62-3593-44EC-93DD-8061EE7F8DFC}.Release|Any CPU.ActiveCfg = Release|Any CPU
		{DD4AFB62-3593-44EC-93DD-8061EE7F8DFC}.Release|Any CPU.Build.0 = Release|Any CPU
		{73B43121-FB73-457D-A8EF-7B3F91442968}.Debug|Any CPU.ActiveCfg = Debug|Any CPU
		{73B43121-FB73-457D-A8EF-7B3F91442968}.Debug|Any CPU.Build.0 = Debug|Any CPU
		{73B43121-FB73-457D-A8EF-7B3F91442968}.Release|Any CPU.ActiveCfg = Release|Any CPU
		{73B43121-FB73-457D-A8EF-7B3F91442968}.Release|Any CPU.Build.0 = Release|Any CPU
		{AD9AE029-393A-44C2-A89A-7742E8FE5FF1}.Debug|Any CPU.ActiveCfg = Debug|Any CPU
		{AD9AE029-393A-44C2-A89A-7742E8FE5FF1}.Debug|Any CPU.Build.0 = Debug|Any CPU
		{AD9AE029-393A-44C2-A89A-7742E8FE5FF1}.Release|Any CPU.ActiveCfg = Release|Any CPU
		{AD9AE029-393A-44C2-A89A-7742E8FE5FF1}.Release|Any CPU.Build.0 = Release|Any CPU
		{3B947149-1AA7-45FE-93F9-A316CD9F7B70}.Debug|Any CPU.ActiveCfg = Debug|Any CPU
		{3B947149-1AA7-45FE-93F9-A316CD9F7B70}.Debug|Any CPU.Build.0 = Debug|Any CPU
		{3B947149-1AA7-45FE-93F9-A316CD9F7B70}.Release|Any CPU.ActiveCfg = Release|Any CPU
		{3B947149-1AA7-45FE-93F9-A316CD9F7B70}.Release|Any CPU.Build.0 = Release|Any CPU
		{4124C483-B654-4256-B4D2-0A256868C64A}.Debug|Any CPU.ActiveCfg = Debug|Any CPU
		{4124C483-B654-4256-B4D2-0A256868C64A}.Debug|Any CPU.Build.0 = Debug|Any CPU
		{4124C483-B654-4256-B4D2-0A256868C64A}.Release|Any CPU.ActiveCfg = Release|Any CPU
		{4124C483-B654-4256-B4D2-0A256868C64A}.Release|Any CPU.Build.0 = Release|Any CPU
		{7B0D546A-C8B1-430F-974C-81EEDFAF4E01}.Debug|Any CPU.ActiveCfg = Debug|Any CPU
		{7B0D546A-C8B1-430F-974C-81EEDFAF4E01}.Debug|Any CPU.Build.0 = Debug|Any CPU
		{7B0D546A-C8B1-430F-974C-81EEDFAF4E01}.Release|Any CPU.ActiveCfg = Release|Any CPU
		{7B0D546A-C8B1-430F-974C-81EEDFAF4E01}.Release|Any CPU.Build.0 = Release|Any CPU
		{D758D40B-4B11-46F2-8289-E563E008B9EC}.Debug|Any CPU.ActiveCfg = Debug|Any CPU
		{D758D40B-4B11-46F2-8289-E563E008B9EC}.Debug|Any CPU.Build.0 = Debug|Any CPU
		{D758D40B-4B11-46F2-8289-E563E008B9EC}.Release|Any CPU.ActiveCfg = Release|Any CPU
		{D758D40B-4B11-46F2-8289-E563E008B9EC}.Release|Any CPU.Build.0 = Release|Any CPU
		{465488BD-A3D9-47DF-B73B-69E71AC04343}.Debug|Any CPU.ActiveCfg = Debug|Any CPU
		{465488BD-A3D9-47DF-B73B-69E71AC04343}.Debug|Any CPU.Build.0 = Debug|Any CPU
		{465488BD-A3D9-47DF-B73B-69E71AC04343}.Release|Any CPU.ActiveCfg = Release|Any CPU
		{465488BD-A3D9-47DF-B73B-69E71AC04343}.Release|Any CPU.Build.0 = Release|Any CPU
		{FB5C758B-8CF3-4257-96A4-CEA9CB2E7E47}.Debug|Any CPU.ActiveCfg = Debug|Any CPU
		{FB5C758B-8CF3-4257-96A4-CEA9CB2E7E47}.Debug|Any CPU.Build.0 = Debug|Any CPU
		{FB5C758B-8CF3-4257-96A4-CEA9CB2E7E47}.Release|Any CPU.ActiveCfg = Release|Any CPU
		{FB5C758B-8CF3-4257-96A4-CEA9CB2E7E47}.Release|Any CPU.Build.0 = Release|Any CPU
		{03227D8E-35D1-4FB4-A195-11C5F83BBF70}.Debug|Any CPU.ActiveCfg = Debug|Any CPU
		{03227D8E-35D1-4FB4-A195-11C5F83BBF70}.Debug|Any CPU.Build.0 = Debug|Any CPU
		{03227D8E-35D1-4FB4-A195-11C5F83BBF70}.Release|Any CPU.ActiveCfg = Release|Any CPU
		{03227D8E-35D1-4FB4-A195-11C5F83BBF70}.Release|Any CPU.Build.0 = Release|Any CPU
		{4C9A6FB4-A25B-4D49-836D-326D45EC4AD9}.Debug|Any CPU.ActiveCfg = Debug|Any CPU
		{4C9A6FB4-A25B-4D49-836D-326D45EC4AD9}.Debug|Any CPU.Build.0 = Debug|Any CPU
		{4C9A6FB4-A25B-4D49-836D-326D45EC4AD9}.Release|Any CPU.ActiveCfg = Release|Any CPU
		{4C9A6FB4-A25B-4D49-836D-326D45EC4AD9}.Release|Any CPU.Build.0 = Release|Any CPU
		{7029E081-FE79-4CEA-9BFB-0A40A4245566}.Debug|Any CPU.ActiveCfg = Debug|Any CPU
		{7029E081-FE79-4CEA-9BFB-0A40A4245566}.Debug|Any CPU.Build.0 = Debug|Any CPU
		{7029E081-FE79-4CEA-9BFB-0A40A4245566}.Release|Any CPU.ActiveCfg = Release|Any CPU
		{7029E081-FE79-4CEA-9BFB-0A40A4245566}.Release|Any CPU.Build.0 = Release|Any CPU
		{4E810C0A-A419-400B-8EBC-69053B1269FA}.Debug|Any CPU.ActiveCfg = Debug|Any CPU
		{4E810C0A-A419-400B-8EBC-69053B1269FA}.Debug|Any CPU.Build.0 = Debug|Any CPU
		{4E810C0A-A419-400B-8EBC-69053B1269FA}.Release|Any CPU.ActiveCfg = Release|Any CPU
		{4E810C0A-A419-400B-8EBC-69053B1269FA}.Release|Any CPU.Build.0 = Release|Any CPU
		{74D13765-EEF3-4A90-B29F-0428C274C741}.Debug|Any CPU.ActiveCfg = Debug|Any CPU
		{74D13765-EEF3-4A90-B29F-0428C274C741}.Debug|Any CPU.Build.0 = Debug|Any CPU
		{74D13765-EEF3-4A90-B29F-0428C274C741}.Release|Any CPU.ActiveCfg = Release|Any CPU
		{74D13765-EEF3-4A90-B29F-0428C274C741}.Release|Any CPU.Build.0 = Release|Any CPU
		{F1A6CD95-3426-4E64-8FF1-16F703A73F96}.Debug|Any CPU.ActiveCfg = Debug|Any CPU
		{F1A6CD95-3426-4E64-8FF1-16F703A73F96}.Debug|Any CPU.Build.0 = Debug|Any CPU
		{F1A6CD95-3426-4E64-8FF1-16F703A73F96}.Release|Any CPU.ActiveCfg = Release|Any CPU
		{F1A6CD95-3426-4E64-8FF1-16F703A73F96}.Release|Any CPU.Build.0 = Release|Any CPU
		{A40EAA62-D2B0-4498-9E3E-50875F4E0203}.Debug|Any CPU.ActiveCfg = Debug|Any CPU
		{A40EAA62-D2B0-4498-9E3E-50875F4E0203}.Debug|Any CPU.Build.0 = Debug|Any CPU
		{A40EAA62-D2B0-4498-9E3E-50875F4E0203}.Release|Any CPU.ActiveCfg = Release|Any CPU
		{A40EAA62-D2B0-4498-9E3E-50875F4E0203}.Release|Any CPU.Build.0 = Release|Any CPU
		{3B7F656C-8F5D-40A0-9D68-3F11CF4BE9BA}.Debug|Any CPU.ActiveCfg = Debug|Any CPU
		{3B7F656C-8F5D-40A0-9D68-3F11CF4BE9BA}.Debug|Any CPU.Build.0 = Debug|Any CPU
		{3B7F656C-8F5D-40A0-9D68-3F11CF4BE9BA}.Release|Any CPU.ActiveCfg = Release|Any CPU
		{3B7F656C-8F5D-40A0-9D68-3F11CF4BE9BA}.Release|Any CPU.Build.0 = Release|Any CPU
		{971F0564-C9C1-4205-ADBC-C0D4A8CA50CA}.Debug|Any CPU.ActiveCfg = Debug|Any CPU
		{971F0564-C9C1-4205-ADBC-C0D4A8CA50CA}.Debug|Any CPU.Build.0 = Debug|Any CPU
		{971F0564-C9C1-4205-ADBC-C0D4A8CA50CA}.Release|Any CPU.ActiveCfg = Release|Any CPU
		{971F0564-C9C1-4205-ADBC-C0D4A8CA50CA}.Release|Any CPU.Build.0 = Release|Any CPU
		{A43EB533-A02F-4FCA-B908-79785962A0A6}.Debug|Any CPU.ActiveCfg = Debug|Any CPU
		{A43EB533-A02F-4FCA-B908-79785962A0A6}.Debug|Any CPU.Build.0 = Debug|Any CPU
		{A43EB533-A02F-4FCA-B908-79785962A0A6}.Release|Any CPU.ActiveCfg = Release|Any CPU
		{A43EB533-A02F-4FCA-B908-79785962A0A6}.Release|Any CPU.Build.0 = Release|Any CPU
		{3A483156-D33B-4DCA-B26A-63DA2826A0C7}.Debug|Any CPU.ActiveCfg = Debug|Any CPU
		{3A483156-D33B-4DCA-B26A-63DA2826A0C7}.Debug|Any CPU.Build.0 = Debug|Any CPU
		{3A483156-D33B-4DCA-B26A-63DA2826A0C7}.Release|Any CPU.ActiveCfg = Release|Any CPU
		{3A483156-D33B-4DCA-B26A-63DA2826A0C7}.Release|Any CPU.Build.0 = Release|Any CPU
		{B1BAEE68-4E52-4B31-BBD5-57150D6E6CDC}.Debug|Any CPU.ActiveCfg = Debug|Any CPU
		{B1BAEE68-4E52-4B31-BBD5-57150D6E6CDC}.Debug|Any CPU.Build.0 = Debug|Any CPU
		{B1BAEE68-4E52-4B31-BBD5-57150D6E6CDC}.Release|Any CPU.ActiveCfg = Release|Any CPU
		{B1BAEE68-4E52-4B31-BBD5-57150D6E6CDC}.Release|Any CPU.Build.0 = Release|Any CPU
		{4DE5A103-6B6D-4039-9C91-75713113C3F2}.Debug|Any CPU.ActiveCfg = Debug|Any CPU
		{4DE5A103-6B6D-4039-9C91-75713113C3F2}.Debug|Any CPU.Build.0 = Debug|Any CPU
		{4DE5A103-6B6D-4039-9C91-75713113C3F2}.Release|Any CPU.ActiveCfg = Release|Any CPU
		{4DE5A103-6B6D-4039-9C91-75713113C3F2}.Release|Any CPU.Build.0 = Release|Any CPU
		{75D75CF3-7917-4280-A52A-0132E74A2D80}.Debug|Any CPU.ActiveCfg = Debug|Any CPU
		{75D75CF3-7917-4280-A52A-0132E74A2D80}.Debug|Any CPU.Build.0 = Debug|Any CPU
		{75D75CF3-7917-4280-A52A-0132E74A2D80}.Release|Any CPU.ActiveCfg = Release|Any CPU
		{75D75CF3-7917-4280-A52A-0132E74A2D80}.Release|Any CPU.Build.0 = Release|Any CPU
		{935CE34A-650F-4C17-BE0F-92D1E2F4EC37}.Debug|Any CPU.ActiveCfg = Debug|Any CPU
		{935CE34A-650F-4C17-BE0F-92D1E2F4EC37}.Debug|Any CPU.Build.0 = Debug|Any CPU
		{935CE34A-650F-4C17-BE0F-92D1E2F4EC37}.Release|Any CPU.ActiveCfg = Release|Any CPU
		{935CE34A-650F-4C17-BE0F-92D1E2F4EC37}.Release|Any CPU.Build.0 = Release|Any CPU
		{69D01F7F-BF96-43D7-AFF6-176CB0F7D952}.Debug|Any CPU.ActiveCfg = Debug|Any CPU
		{69D01F7F-BF96-43D7-AFF6-176CB0F7D952}.Debug|Any CPU.Build.0 = Debug|Any CPU
		{69D01F7F-BF96-43D7-AFF6-176CB0F7D952}.Release|Any CPU.ActiveCfg = Release|Any CPU
		{69D01F7F-BF96-43D7-AFF6-176CB0F7D952}.Release|Any CPU.Build.0 = Release|Any CPU
		{B690AB76-AA80-4AAF-99E8-2C75743E7AF7}.Debug|Any CPU.ActiveCfg = Debug|Any CPU
		{B690AB76-AA80-4AAF-99E8-2C75743E7AF7}.Debug|Any CPU.Build.0 = Debug|Any CPU
		{B690AB76-AA80-4AAF-99E8-2C75743E7AF7}.Release|Any CPU.ActiveCfg = Release|Any CPU
		{B690AB76-AA80-4AAF-99E8-2C75743E7AF7}.Release|Any CPU.Build.0 = Release|Any CPU
		{013DD5A8-D353-4CCD-8C29-A6A496BE0350}.Debug|Any CPU.ActiveCfg = Debug|Any CPU
		{013DD5A8-D353-4CCD-8C29-A6A496BE0350}.Debug|Any CPU.Build.0 = Debug|Any CPU
		{013DD5A8-D353-4CCD-8C29-A6A496BE0350}.Release|Any CPU.ActiveCfg = Release|Any CPU
		{013DD5A8-D353-4CCD-8C29-A6A496BE0350}.Release|Any CPU.Build.0 = Release|Any CPU
	EndGlobalSection
	GlobalSection(SolutionProperties) = preSolution
		HideSolutionNode = FALSE
	EndGlobalSection
	GlobalSection(ExtensibilityGlobals) = postSolution
		SolutionGuid = {A7975D3D-A0E9-42AF-82D2-CF18BE4D9F51}
	EndGlobalSection
EndGlobal
