
Microsoft Visual Studio Solution File, Format Version 12.00
# Visual Studio Version 16
VisualStudioVersion = 16.0.30011.22
MinimumVisualStudioVersion = 10.0.40219.1
Project("{9A19103F-16F7-4668-BE54-9A1E7A4F7556}") = "week9", "week9\week9.csproj", "{1BD4BA1E-D6DC-43E9-ACEF-0E3C74CF7728}"
EndProject
Project("{9A19103F-16F7-4668-BE54-9A1E7A4F7556}") = "even", "even\even.csproj", "{475FCDF9-61E4-43EA-941C-38A9F9582D27}"
EndProject
Project("{9A19103F-16F7-4668-BE54-9A1E7A4F7556}") = "Various", "Various\Various.csproj", "{237A826B-D8FD-4C3B-A537-B7E17A5EC71C}"
EndProject
Project("{9A19103F-16F7-4668-BE54-9A1E7A4F7556}") = "InsectWalk", "InsectWalk\InsectWalk.csproj", "{796EDD1D-D4A8-4C65-9E0D-FA6A6E5145EB}"
EndProject
Project("{9A19103F-16F7-4668-BE54-9A1E7A4F7556}") = "AntNum", "AntNum\AntNum.csproj", "{21C82B78-CF74-4AFE-A224-88429E67D170}"
EndProject
Project("{FAE04EC0-301F-11D3-BF4B-00C04F79EFBC}") = "Formon", "Formon\Formon.csproj", "{D359623F-E009-4DAA-AD7B-E5CBE82A3F74}"
EndProject
Project("{FAE04EC0-301F-11D3-BF4B-00C04F79EFBC}") = "Foreachmon", "Foreachmon\Foreachmon.csproj", "{4BFDFFD6-D633-4052-9873-583EB1A1FF6C}"
EndProject
Project("{FAE04EC0-301F-11D3-BF4B-00C04F79EFBC}") = "Forex", "Forex\Forex.csproj", "{36CEECD8-7582-4094-8833-8F3D23BBD554}"
EndProject
Project("{FAE04EC0-301F-11D3-BF4B-00C04F79EFBC}") = "Game", "Game\Game.csproj", "{0E47476B-A8F9-4739-B740-778ED949F240}"
EndProject
Project("{FAE04EC0-301F-11D3-BF4B-00C04F79EFBC}") = "Korean", "Korean\Korean.csproj", "{5145BE0C-01A0-4D88-85EA-2A2C0BBCFA2A}"
EndProject
Project("{FAE04EC0-301F-11D3-BF4B-00C04F79EFBC}") = "Star", "Star\Star.csproj", "{DAC6A7A3-B0FE-4220-A833-F3885D2036FF}"
EndProject
Project("{FAE04EC0-301F-11D3-BF4B-00C04F79EFBC}") = "Starmon1", "Starmon1\Starmon1.csproj", "{9CE8E691-279A-46DB-9961-E93712020576}"
EndProject
Project("{FAE04EC0-301F-11D3-BF4B-00C04F79EFBC}") = "Starmon2", "Starmon2\Starmon2.csproj", "{79C8B146-3F3A-4BA4-BC95-2D0296FDBB2C}"
EndProject
Project("{FAE04EC0-301F-11D3-BF4B-00C04F79EFBC}") = "Summon", "Summon\Summon.csproj", "{EDED1715-5C2F-4A16-B015-1CE7F170A46C}"
EndProject
Project("{FAE04EC0-301F-11D3-BF4B-00C04F79EFBC}") = "Whilemon", "Whilemon\Whilemon.csproj", "{DCE0C397-E833-4722-9F1D-F0085190C8C8}"
EndProject
Project("{FAE04EC0-301F-11D3-BF4B-00C04F79EFBC}") = "Homeworktest", "Homeworktest\Homeworktest.csproj", "{C50C7F44-7311-4F9A-ADCE-6901CF133250}"
EndProject
Project("{FAE04EC0-301F-11D3-BF4B-00C04F79EFBC}") = "Kgchange", "Kgchange\Kgchange.csproj", "{2DEA7D6F-7B27-40C5-9753-ADD2B175EE5F}"
EndProject
Project("{FAE04EC0-301F-11D3-BF4B-00C04F79EFBC}") = "Radiusproblem", "Radiusproblem\Radiusproblem.csproj", "{2CEC1467-6791-470F-8400-573CD68BEABC}"
EndProject
Project("{FAE04EC0-301F-11D3-BF4B-00C04F79EFBC}") = "Score", "Score\Score.csproj", "{287D11D4-329C-4E40-AD1F-3AB08F954A92}"
EndProject
Project("{FAE04EC0-301F-11D3-BF4B-00C04F79EFBC}") = "Season", "Season\Season.csproj", "{60AB1E45-9A52-48B4-B050-B7E5EECB6B0B}"
EndProject
Project("{FAE04EC0-301F-11D3-BF4B-00C04F79EFBC}") = "Work3_1", "Work3_1\Work3_1.csproj", "{CA087894-4196-40C2-8110-33D358991979}"
EndProject
Project("{FAE04EC0-301F-11D3-BF4B-00C04F79EFBC}") = "Xyint", "Xyint\Xyint.csproj", "{AA6D72CF-A32F-4C56-9967-0707B83DF550}"
EndProject
Project("{FAE04EC0-301F-11D3-BF4B-00C04F79EFBC}") = "Year", "Year\Year.csproj", "{7CE9A57B-242F-4340-B894-E19BDBD74B9B}"
EndProject
Project("{FAE04EC0-301F-11D3-BF4B-00C04F79EFBC}") = "Month", "Month\Month.csproj", "{6283EBCC-6AB1-483C-B642-C543B643F77D}"
EndProject
Project("{FAE04EC0-301F-11D3-BF4B-00C04F79EFBC}") = "FourYear", "FourYear\FourYear.csproj", "{95AD409D-63E7-4CA2-861C-96E687A9B846}"
EndProject
Project("{FAE04EC0-301F-11D3-BF4B-00C04F79EFBC}") = "Game2", "Game2\Game2.csproj", "{F1DD966B-7D59-4E60-9D6B-885F9D27A934}"
EndProject
Project("{FAE04EC0-301F-11D3-BF4B-00C04F79EFBC}") = "HalfUp", "HalfUp\HalfUp.csproj", "{FD75BE9E-898D-4FD4-8AF5-2179C90BA9B5}"
EndProject
Project("{FAE04EC0-301F-11D3-BF4B-00C04F79EFBC}") = "Random", "Random\Random.csproj", "{75FD5EBA-F800-4860-83E9-84986A7E9A29}"
EndProject
Project("{FAE04EC0-301F-11D3-BF4B-00C04F79EFBC}") = "Switch", "Switch\Switch.csproj", "{A8EC0DB3-5A90-4BCE-8E81-A307661A1757}"
EndProject
Project("{FAE04EC0-301F-11D3-BF4B-00C04F79EFBC}") = "Circle", "Circle\Circle.csproj", "{D48F8507-0B5F-48B6-97C6-067AF53ACD2E}"
EndProject
Project("{FAE04EC0-301F-11D3-BF4B-00C04F79EFBC}") = "Day", "Day\Day.csproj", "{CA050685-E92D-4A0E-94FB-04C47BA3AF08}"
EndProject
Project("{FAE04EC0-301F-11D3-BF4B-00C04F79EFBC}") = "EvenNumber", "EvenNumber\EvenNumber.csproj", "{D3FCA122-72B7-4C42-A529-F3B5AE92946A}"
EndProject
Project("{FAE04EC0-301F-11D3-BF4B-00C04F79EFBC}") = "Exchange", "Exchange\Exchange.csproj", "{8FE91245-06DC-4D66-9E50-DE23C0B9ED21}"
EndProject
Project("{FAE04EC0-301F-11D3-BF4B-00C04F79EFBC}") = "Time", "Time\Time.csproj", "{5440DF2B-E8ED-4B19-A0D5-2FA0D5108BAB}"
EndProject
Project("{FAE04EC0-301F-11D3-BF4B-00C04F79EFBC}") = "Triangle", "Triangle\Triangle.csproj", "{644187D1-B175-4550-8DA9-5AA1F72D72E9}"
EndProject
Project("{FAE04EC0-301F-11D3-BF4B-00C04F79EFBC}") = "TwoChar", "TwoChar\TwoChar.csproj", "{903B18F6-D60F-443B-97C1-D136262C0C7D}"
EndProject
Global
	GlobalSection(SolutionConfigurationPlatforms) = preSolution
		Debug|Any CPU = Debug|Any CPU
		Release|Any CPU = Release|Any CPU
	EndGlobalSection
	GlobalSection(ProjectConfigurationPlatforms) = postSolution
		{1BD4BA1E-D6DC-43E9-ACEF-0E3C74CF7728}.Debug|Any CPU.ActiveCfg = Debug|Any CPU
		{1BD4BA1E-D6DC-43E9-ACEF-0E3C74CF7728}.Debug|Any CPU.Build.0 = Debug|Any CPU
		{1BD4BA1E-D6DC-43E9-ACEF-0E3C74CF7728}.Release|Any CPU.ActiveCfg = Release|Any CPU
		{1BD4BA1E-D6DC-43E9-ACEF-0E3C74CF7728}.Release|Any CPU.Build.0 = Release|Any CPU
		{475FCDF9-61E4-43EA-941C-38A9F9582D27}.Debug|Any CPU.ActiveCfg = Debug|Any CPU
		{475FCDF9-61E4-43EA-941C-38A9F9582D27}.Debug|Any CPU.Build.0 = Debug|Any CPU
		{475FCDF9-61E4-43EA-941C-38A9F9582D27}.Release|Any CPU.ActiveCfg = Release|Any CPU
		{475FCDF9-61E4-43EA-941C-38A9F9582D27}.Release|Any CPU.Build.0 = Release|Any CPU
		{237A826B-D8FD-4C3B-A537-B7E17A5EC71C}.Debug|Any CPU.ActiveCfg = Debug|Any CPU
		{237A826B-D8FD-4C3B-A537-B7E17A5EC71C}.Debug|Any CPU.Build.0 = Debug|Any CPU
		{237A826B-D8FD-4C3B-A537-B7E17A5EC71C}.Release|Any CPU.ActiveCfg = Release|Any CPU
		{237A826B-D8FD-4C3B-A537-B7E17A5EC71C}.Release|Any CPU.Build.0 = Release|Any CPU
		{796EDD1D-D4A8-4C65-9E0D-FA6A6E5145EB}.Debug|Any CPU.ActiveCfg = Debug|Any CPU
		{796EDD1D-D4A8-4C65-9E0D-FA6A6E5145EB}.Debug|Any CPU.Build.0 = Debug|Any CPU
		{796EDD1D-D4A8-4C65-9E0D-FA6A6E5145EB}.Release|Any CPU.ActiveCfg = Release|Any CPU
		{796EDD1D-D4A8-4C65-9E0D-FA6A6E5145EB}.Release|Any CPU.Build.0 = Release|Any CPU
		{21C82B78-CF74-4AFE-A224-88429E67D170}.Debug|Any CPU.ActiveCfg = Debug|Any CPU
		{21C82B78-CF74-4AFE-A224-88429E67D170}.Debug|Any CPU.Build.0 = Debug|Any CPU
		{21C82B78-CF74-4AFE-A224-88429E67D170}.Release|Any CPU.ActiveCfg = Release|Any CPU
		{21C82B78-CF74-4AFE-A224-88429E67D170}.Release|Any CPU.Build.0 = Release|Any CPU
		{D359623F-E009-4DAA-AD7B-E5CBE82A3F74}.Debug|Any CPU.ActiveCfg = Debug|Any CPU
		{D359623F-E009-4DAA-AD7B-E5CBE82A3F74}.Debug|Any CPU.Build.0 = Debug|Any CPU
		{D359623F-E009-4DAA-AD7B-E5CBE82A3F74}.Release|Any CPU.ActiveCfg = Release|Any CPU
		{D359623F-E009-4DAA-AD7B-E5CBE82A3F74}.Release|Any CPU.Build.0 = Release|Any CPU
		{4BFDFFD6-D633-4052-9873-583EB1A1FF6C}.Debug|Any CPU.ActiveCfg = Debug|Any CPU
		{4BFDFFD6-D633-4052-9873-583EB1A1FF6C}.Debug|Any CPU.Build.0 = Debug|Any CPU
		{4BFDFFD6-D633-4052-9873-583EB1A1FF6C}.Release|Any CPU.ActiveCfg = Release|Any CPU
		{4BFDFFD6-D633-4052-9873-583EB1A1FF6C}.Release|Any CPU.Build.0 = Release|Any CPU
		{36CEECD8-7582-4094-8833-8F3D23BBD554}.Debug|Any CPU.ActiveCfg = Debug|Any CPU
		{36CEECD8-7582-4094-8833-8F3D23BBD554}.Debug|Any CPU.Build.0 = Debug|Any CPU
		{36CEECD8-7582-4094-8833-8F3D23BBD554}.Release|Any CPU.ActiveCfg = Release|Any CPU
		{36CEECD8-7582-4094-8833-8F3D23BBD554}.Release|Any CPU.Build.0 = Release|Any CPU
		{0E47476B-A8F9-4739-B740-778ED949F240}.Debug|Any CPU.ActiveCfg = Debug|Any CPU
		{0E47476B-A8F9-4739-B740-778ED949F240}.Debug|Any CPU.Build.0 = Debug|Any CPU
		{0E47476B-A8F9-4739-B740-778ED949F240}.Release|Any CPU.ActiveCfg = Release|Any CPU
		{0E47476B-A8F9-4739-B740-778ED949F240}.Release|Any CPU.Build.0 = Release|Any CPU
		{5145BE0C-01A0-4D88-85EA-2A2C0BBCFA2A}.Debug|Any CPU.ActiveCfg = Debug|Any CPU
		{5145BE0C-01A0-4D88-85EA-2A2C0BBCFA2A}.Debug|Any CPU.Build.0 = Debug|Any CPU
		{5145BE0C-01A0-4D88-85EA-2A2C0BBCFA2A}.Release|Any CPU.ActiveCfg = Release|Any CPU
		{5145BE0C-01A0-4D88-85EA-2A2C0BBCFA2A}.Release|Any CPU.Build.0 = Release|Any CPU
		{DAC6A7A3-B0FE-4220-A833-F3885D2036FF}.Debug|Any CPU.ActiveCfg = Debug|Any CPU
		{DAC6A7A3-B0FE-4220-A833-F3885D2036FF}.Debug|Any CPU.Build.0 = Debug|Any CPU
		{DAC6A7A3-B0FE-4220-A833-F3885D2036FF}.Release|Any CPU.ActiveCfg = Release|Any CPU
		{DAC6A7A3-B0FE-4220-A833-F3885D2036FF}.Release|Any CPU.Build.0 = Release|Any CPU
		{9CE8E691-279A-46DB-9961-E93712020576}.Debug|Any CPU.ActiveCfg = Debug|Any CPU
		{9CE8E691-279A-46DB-9961-E93712020576}.Debug|Any CPU.Build.0 = Debug|Any CPU
		{9CE8E691-279A-46DB-9961-E93712020576}.Release|Any CPU.ActiveCfg = Release|Any CPU
		{9CE8E691-279A-46DB-9961-E93712020576}.Release|Any CPU.Build.0 = Release|Any CPU
		{79C8B146-3F3A-4BA4-BC95-2D0296FDBB2C}.Debug|Any CPU.ActiveCfg = Debug|Any CPU
		{79C8B146-3F3A-4BA4-BC95-2D0296FDBB2C}.Debug|Any CPU.Build.0 = Debug|Any CPU
		{79C8B146-3F3A-4BA4-BC95-2D0296FDBB2C}.Release|Any CPU.ActiveCfg = Release|Any CPU
		{79C8B146-3F3A-4BA4-BC95-2D0296FDBB2C}.Release|Any CPU.Build.0 = Release|Any CPU
		{EDED1715-5C2F-4A16-B015-1CE7F170A46C}.Debug|Any CPU.ActiveCfg = Debug|Any CPU
		{EDED1715-5C2F-4A16-B015-1CE7F170A46C}.Debug|Any CPU.Build.0 = Debug|Any CPU
		{EDED1715-5C2F-4A16-B015-1CE7F170A46C}.Release|Any CPU.ActiveCfg = Release|Any CPU
		{EDED1715-5C2F-4A16-B015-1CE7F170A46C}.Release|Any CPU.Build.0 = Release|Any CPU
		{DCE0C397-E833-4722-9F1D-F0085190C8C8}.Debug|Any CPU.ActiveCfg = Debug|Any CPU
		{DCE0C397-E833-4722-9F1D-F0085190C8C8}.Debug|Any CPU.Build.0 = Debug|Any CPU
		{DCE0C397-E833-4722-9F1D-F0085190C8C8}.Release|Any CPU.ActiveCfg = Release|Any CPU
		{DCE0C397-E833-4722-9F1D-F0085190C8C8}.Release|Any CPU.Build.0 = Release|Any CPU
		{C50C7F44-7311-4F9A-ADCE-6901CF133250}.Debug|Any CPU.ActiveCfg = Debug|Any CPU
		{C50C7F44-7311-4F9A-ADCE-6901CF133250}.Debug|Any CPU.Build.0 = Debug|Any CPU
		{C50C7F44-7311-4F9A-ADCE-6901CF133250}.Release|Any CPU.ActiveCfg = Release|Any CPU
		{C50C7F44-7311-4F9A-ADCE-6901CF133250}.Release|Any CPU.Build.0 = Release|Any CPU
		{2DEA7D6F-7B27-40C5-9753-ADD2B175EE5F}.Debug|Any CPU.ActiveCfg = Debug|Any CPU
		{2DEA7D6F-7B27-40C5-9753-ADD2B175EE5F}.Debug|Any CPU.Build.0 = Debug|Any CPU
		{2DEA7D6F-7B27-40C5-9753-ADD2B175EE5F}.Release|Any CPU.ActiveCfg = Release|Any CPU
		{2DEA7D6F-7B27-40C5-9753-ADD2B175EE5F}.Release|Any CPU.Build.0 = Release|Any CPU
		{2CEC1467-6791-470F-8400-573CD68BEABC}.Debug|Any CPU.ActiveCfg = Debug|Any CPU
		{2CEC1467-6791-470F-8400-573CD68BEABC}.Debug|Any CPU.Build.0 = Debug|Any CPU
		{2CEC1467-6791-470F-8400-573CD68BEABC}.Release|Any CPU.ActiveCfg = Release|Any CPU
		{2CEC1467-6791-470F-8400-573CD68BEABC}.Release|Any CPU.Build.0 = Release|Any CPU
		{287D11D4-329C-4E40-AD1F-3AB08F954A92}.Debug|Any CPU.ActiveCfg = Debug|Any CPU
		{287D11D4-329C-4E40-AD1F-3AB08F954A92}.Debug|Any CPU.Build.0 = Debug|Any CPU
		{287D11D4-329C-4E40-AD1F-3AB08F954A92}.Release|Any CPU.ActiveCfg = Release|Any CPU
		{287D11D4-329C-4E40-AD1F-3AB08F954A92}.Release|Any CPU.Build.0 = Release|Any CPU
		{60AB1E45-9A52-48B4-B050-B7E5EECB6B0B}.Debug|Any CPU.ActiveCfg = Debug|Any CPU
		{60AB1E45-9A52-48B4-B050-B7E5EECB6B0B}.Debug|Any CPU.Build.0 = Debug|Any CPU
		{60AB1E45-9A52-48B4-B050-B7E5EECB6B0B}.Release|Any CPU.ActiveCfg = Release|Any CPU
		{60AB1E45-9A52-48B4-B050-B7E5EECB6B0B}.Release|Any CPU.Build.0 = Release|Any CPU
		{CA087894-4196-40C2-8110-33D358991979}.Debug|Any CPU.ActiveCfg = Debug|Any CPU
		{CA087894-4196-40C2-8110-33D358991979}.Debug|Any CPU.Build.0 = Debug|Any CPU
		{CA087894-4196-40C2-8110-33D358991979}.Release|Any CPU.ActiveCfg = Release|Any CPU
		{CA087894-4196-40C2-8110-33D358991979}.Release|Any CPU.Build.0 = Release|Any CPU
		{AA6D72CF-A32F-4C56-9967-0707B83DF550}.Debug|Any CPU.ActiveCfg = Debug|Any CPU
		{AA6D72CF-A32F-4C56-9967-0707B83DF550}.Debug|Any CPU.Build.0 = Debug|Any CPU
		{AA6D72CF-A32F-4C56-9967-0707B83DF550}.Release|Any CPU.ActiveCfg = Release|Any CPU
		{AA6D72CF-A32F-4C56-9967-0707B83DF550}.Release|Any CPU.Build.0 = Release|Any CPU
		{7CE9A57B-242F-4340-B894-E19BDBD74B9B}.Debug|Any CPU.ActiveCfg = Debug|Any CPU
		{7CE9A57B-242F-4340-B894-E19BDBD74B9B}.Debug|Any CPU.Build.0 = Debug|Any CPU
		{7CE9A57B-242F-4340-B894-E19BDBD74B9B}.Release|Any CPU.ActiveCfg = Release|Any CPU
		{7CE9A57B-242F-4340-B894-E19BDBD74B9B}.Release|Any CPU.Build.0 = Release|Any CPU
		{6283EBCC-6AB1-483C-B642-C543B643F77D}.Debug|Any CPU.ActiveCfg = Debug|Any CPU
		{6283EBCC-6AB1-483C-B642-C543B643F77D}.Debug|Any CPU.Build.0 = Debug|Any CPU
		{6283EBCC-6AB1-483C-B642-C543B643F77D}.Release|Any CPU.ActiveCfg = Release|Any CPU
		{6283EBCC-6AB1-483C-B642-C543B643F77D}.Release|Any CPU.Build.0 = Release|Any CPU
		{95AD409D-63E7-4CA2-861C-96E687A9B846}.Debug|Any CPU.ActiveCfg = Debug|Any CPU
		{95AD409D-63E7-4CA2-861C-96E687A9B846}.Debug|Any CPU.Build.0 = Debug|Any CPU
		{95AD409D-63E7-4CA2-861C-96E687A9B846}.Release|Any CPU.ActiveCfg = Release|Any CPU
		{95AD409D-63E7-4CA2-861C-96E687A9B846}.Release|Any CPU.Build.0 = Release|Any CPU
		{F1DD966B-7D59-4E60-9D6B-885F9D27A934}.Debug|Any CPU.ActiveCfg = Debug|Any CPU
		{F1DD966B-7D59-4E60-9D6B-885F9D27A934}.Debug|Any CPU.Build.0 = Debug|Any CPU
		{F1DD966B-7D59-4E60-9D6B-885F9D27A934}.Release|Any CPU.ActiveCfg = Release|Any CPU
		{F1DD966B-7D59-4E60-9D6B-885F9D27A934}.Release|Any CPU.Build.0 = Release|Any CPU
		{FD75BE9E-898D-4FD4-8AF5-2179C90BA9B5}.Debug|Any CPU.ActiveCfg = Debug|Any CPU
		{FD75BE9E-898D-4FD4-8AF5-2179C90BA9B5}.Debug|Any CPU.Build.0 = Debug|Any CPU
		{FD75BE9E-898D-4FD4-8AF5-2179C90BA9B5}.Release|Any CPU.ActiveCfg = Release|Any CPU
		{FD75BE9E-898D-4FD4-8AF5-2179C90BA9B5}.Release|Any CPU.Build.0 = Release|Any CPU
		{75FD5EBA-F800-4860-83E9-84986A7E9A29}.Debug|Any CPU.ActiveCfg = Debug|Any CPU
		{75FD5EBA-F800-4860-83E9-84986A7E9A29}.Debug|Any CPU.Build.0 = Debug|Any CPU
		{75FD5EBA-F800-4860-83E9-84986A7E9A29}.Release|Any CPU.ActiveCfg = Release|Any CPU
		{75FD5EBA-F800-4860-83E9-84986A7E9A29}.Release|Any CPU.Build.0 = Release|Any CPU
		{A8EC0DB3-5A90-4BCE-8E81-A307661A1757}.Debug|Any CPU.ActiveCfg = Debug|Any CPU
		{A8EC0DB3-5A90-4BCE-8E81-A307661A1757}.Debug|Any CPU.Build.0 = Debug|Any CPU
		{A8EC0DB3-5A90-4BCE-8E81-A307661A1757}.Release|Any CPU.ActiveCfg = Release|Any CPU
		{A8EC0DB3-5A90-4BCE-8E81-A307661A1757}.Release|Any CPU.Build.0 = Release|Any CPU
		{D48F8507-0B5F-48B6-97C6-067AF53ACD2E}.Debug|Any CPU.ActiveCfg = Debug|Any CPU
		{D48F8507-0B5F-48B6-97C6-067AF53ACD2E}.Debug|Any CPU.Build.0 = Debug|Any CPU
		{D48F8507-0B5F-48B6-97C6-067AF53ACD2E}.Release|Any CPU.ActiveCfg = Release|Any CPU
		{D48F8507-0B5F-48B6-97C6-067AF53ACD2E}.Release|Any CPU.Build.0 = Release|Any CPU
		{CA050685-E92D-4A0E-94FB-04C47BA3AF08}.Debug|Any CPU.ActiveCfg = Debug|Any CPU
		{CA050685-E92D-4A0E-94FB-04C47BA3AF08}.Debug|Any CPU.Build.0 = Debug|Any CPU
		{CA050685-E92D-4A0E-94FB-04C47BA3AF08}.Release|Any CPU.ActiveCfg = Release|Any CPU
		{CA050685-E92D-4A0E-94FB-04C47BA3AF08}.Release|Any CPU.Build.0 = Release|Any CPU
		{D3FCA122-72B7-4C42-A529-F3B5AE92946A}.Debug|Any CPU.ActiveCfg = Debug|Any CPU
		{D3FCA122-72B7-4C42-A529-F3B5AE92946A}.Debug|Any CPU.Build.0 = Debug|Any CPU
		{D3FCA122-72B7-4C42-A529-F3B5AE92946A}.Release|Any CPU.ActiveCfg = Release|Any CPU
		{D3FCA122-72B7-4C42-A529-F3B5AE92946A}.Release|Any CPU.Build.0 = Release|Any CPU
		{8FE91245-06DC-4D66-9E50-DE23C0B9ED21}.Debug|Any CPU.ActiveCfg = Debug|Any CPU
		{8FE91245-06DC-4D66-9E50-DE23C0B9ED21}.Debug|Any CPU.Build.0 = Debug|Any CPU
		{8FE91245-06DC-4D66-9E50-DE23C0B9ED21}.Release|Any CPU.ActiveCfg = Release|Any CPU
		{8FE91245-06DC-4D66-9E50-DE23C0B9ED21}.Release|Any CPU.Build.0 = Release|Any CPU
		{5440DF2B-E8ED-4B19-A0D5-2FA0D5108BAB}.Debug|Any CPU.ActiveCfg = Debug|Any CPU
		{5440DF2B-E8ED-4B19-A0D5-2FA0D5108BAB}.Debug|Any CPU.Build.0 = Debug|Any CPU
		{5440DF2B-E8ED-4B19-A0D5-2FA0D5108BAB}.Release|Any CPU.ActiveCfg = Release|Any CPU
		{5440DF2B-E8ED-4B19-A0D5-2FA0D5108BAB}.Release|Any CPU.Build.0 = Release|Any CPU
		{644187D1-B175-4550-8DA9-5AA1F72D72E9}.Debug|Any CPU.ActiveCfg = Debug|Any CPU
		{644187D1-B175-4550-8DA9-5AA1F72D72E9}.Debug|Any CPU.Build.0 = Debug|Any CPU
		{644187D1-B175-4550-8DA9-5AA1F72D72E9}.Release|Any CPU.ActiveCfg = Release|Any CPU
		{644187D1-B175-4550-8DA9-5AA1F72D72E9}.Release|Any CPU.Build.0 = Release|Any CPU
		{903B18F6-D60F-443B-97C1-D136262C0C7D}.Debug|Any CPU.ActiveCfg = Debug|Any CPU
		{903B18F6-D60F-443B-97C1-D136262C0C7D}.Debug|Any CPU.Build.0 = Debug|Any CPU
		{903B18F6-D60F-443B-97C1-D136262C0C7D}.Release|Any CPU.ActiveCfg = Release|Any CPU
		{903B18F6-D60F-443B-97C1-D136262C0C7D}.Release|Any CPU.Build.0 = Release|Any CPU
	EndGlobalSection
	GlobalSection(SolutionProperties) = preSolution
		HideSolutionNode = FALSE
	EndGlobalSection
	GlobalSection(ExtensibilityGlobals) = postSolution
		SolutionGuid = {A7975D3D-A0E9-42AF-82D2-CF18BE4D9F51}
	EndGlobalSection
EndGlobal
